
Microsoft Visual Studio Solution File, Format Version 12.00
# Visual Studio Version 17
VisualStudioVersion = 17.4.33110.190
MinimumVisualStudioVersion = 10.0.40219.1
Project("{FAE04EC0-301F-11D3-BF4B-00C04F79EFBC}") = "TaskManagerHW", "TaskManagerHW\TaskManagerHW.csproj", "{B27343C9-885F-423E-AC08-3EBCC40E0280}"
EndProject
Global
	GlobalSection(SolutionConfigurationPlatforms) = preSolution
		Debug|Any CPU = Debug|Any CPU
		Release|Any CPU = Release|Any CPU
	EndGlobalSection
	GlobalSection(ProjectConfigurationPlatforms) = postSolution
		{B27343C9-885F-423E-AC08-3EBCC40E0280}.Debug|Any CPU.ActiveCfg = Debug|Any CPU
		{B27343C9-885F-423E-AC08-3EBCC40E0280}.Debug|Any CPU.Build.0 = Debug|Any CPU
		{B27343C9-885F-423E-AC08-3EBCC40E0280}.Release|Any CPU.ActiveCfg = Release|Any CPU
		{B27343C9-885F-423E-AC08-3EBCC40E0280}.Release|Any CPU.Build.0 = Release|Any CPU
	EndGlobalSection
	GlobalSection(SolutionProperties) = preSolution
		HideSolutionNode = FALSE
	EndGlobalSection
	GlobalSection(ExtensibilityGlobals) = postSolution
		SolutionGuid = {AF8B3471-856F-44AD-BD48-D8B5C37C2D40}
	EndGlobalSection
EndGlobal
